// !$*UTF8*$!
{
	archiveVersion = 1;
	classes = {
	};
	objectVersion = 48;
	objects = {

/* Begin PBXBuildFile section */
		3DE4408436D1212A99640EDC /* libPods-ConstellationMaster_iOS.a in Frameworks */ = {isa = PBXBuildFile; fileRef = 7B53AE8864C61F68254D8202 /* libPods-ConstellationMaster_iOS.a */; };
		51152A912021AC22001FE392 /* CMHttpTool.m in Sources */ = {isa = PBXBuildFile; fileRef = 51152A902021AC22001FE392 /* CMHttpTool.m */; };
		51152A952021B5EE001FE392 /* CMBaseHandler.m in Sources */ = {isa = PBXBuildFile; fileRef = 51152A942021B5EE001FE392 /* CMBaseHandler.m */; };
		51152A982021B643001FE392 /* CMHomeHandler.m in Sources */ = {isa = PBXBuildFile; fileRef = 51152A972021B643001FE392 /* CMHomeHandler.m */; };
		51152A9B2021BE5D001FE392 /* CMFriRemindView.m in Sources */ = {isa = PBXBuildFile; fileRef = 51152A9A2021BE5D001FE392 /* CMFriRemindView.m */; };
		5160F88C20200B3A00AA06DC /* Main.storyboard in Resources */ = {isa = PBXBuildFile; fileRef = 5160F88A20200B3A00AA06DC /* Main.storyboard */; };
		5160F88E20200B3A00AA06DC /* Assets.xcassets in Resources */ = {isa = PBXBuildFile; fileRef = 5160F88D20200B3A00AA06DC /* Assets.xcassets */; };
		5160F89120200B3A00AA06DC /* LaunchScreen.storyboard in Resources */ = {isa = PBXBuildFile; fileRef = 5160F88F20200B3A00AA06DC /* LaunchScreen.storyboard */; };
		5160F89E20200B3A00AA06DC /* ConstellationMaster_iOSTests.m in Sources */ = {isa = PBXBuildFile; fileRef = 5160F89D20200B3A00AA06DC /* ConstellationMaster_iOSTests.m */; };
		5160F8B620200C0200AA06DC /* main.m in Sources */ = {isa = PBXBuildFile; fileRef = 5160F8B220200C0200AA06DC /* main.m */; };
		5160F8B720200C0200AA06DC /* AppDelegate.m in Sources */ = {isa = PBXBuildFile; fileRef = 5160F8B320200C0200AA06DC /* AppDelegate.m */; };
		5160F8BB2020123200AA06DC /* CMBaseNavController.m in Sources */ = {isa = PBXBuildFile; fileRef = 5160F8BA2020123200AA06DC /* CMBaseNavController.m */; };
		5160F8BF2020245400AA06DC /* CMBaseViewController.m in Sources */ = {isa = PBXBuildFile; fileRef = 5160F8BE2020245400AA06DC /* CMBaseViewController.m */; };
		5160F8C2202024B500AA06DC /* CMTabBarViewController.m in Sources */ = {isa = PBXBuildFile; fileRef = 5160F8C1202024B500AA06DC /* CMTabBarViewController.m */; };
		5160F8FD2020540100AA06DC /* CMProViewController.m in Sources */ = {isa = PBXBuildFile; fileRef = 5160F8F92020540100AA06DC /* CMProViewController.m */; };
		5160F9032020540A00AA06DC /* CMFriViewController.m in Sources */ = {isa = PBXBuildFile; fileRef = 5160F9022020540A00AA06DC /* CMFriViewController.m */; };
		5160F9092020541300AA06DC /* CMDivViewController.m in Sources */ = {isa = PBXBuildFile; fileRef = 5160F9062020541300AA06DC /* CMDivViewController.m */; };
		5160F90F2020541F00AA06DC /* CMHomeViewController.m in Sources */ = {isa = PBXBuildFile; fileRef = 5160F90C2020541F00AA06DC /* CMHomeViewController.m */; };
		5160F915202054FA00AA06DC /* CMHomeTableViewCell.m in Sources */ = {isa = PBXBuildFile; fileRef = 5160F914202054FA00AA06DC /* CMHomeTableViewCell.m */; };
		F6077355B3AE09246A84BE46 /* libPods-ConstellationMaster_iOSTests.a in Frameworks */ = {isa = PBXBuildFile; fileRef = 110DE70B3551C235BE2B7209 /* libPods-ConstellationMaster_iOSTests.a */; };
/* End PBXBuildFile section */

/* Begin PBXContainerItemProxy section */
		5160F89A20200B3A00AA06DC /* PBXContainerItemProxy */ = {
			isa = PBXContainerItemProxy;
			containerPortal = 5160F87920200B3A00AA06DC /* Project object */;
			proxyType = 1;
			remoteGlobalIDString = 5160F88020200B3A00AA06DC;
			remoteInfo = ConstellationMaster_iOS;
		};
/* End PBXContainerItemProxy section */

/* Begin PBXFileReference section */
		0E113708483C8D051E49C27B /* Pods-ConstellationMaster_iOS.release.xcconfig */ = {isa = PBXFileReference; includeInIndex = 1; lastKnownFileType = text.xcconfig; name = "Pods-ConstellationMaster_iOS.release.xcconfig"; path = "Pods/Target Support Files/Pods-ConstellationMaster_iOS/Pods-ConstellationMaster_iOS.release.xcconfig"; sourceTree = "<group>"; };
		110DE70B3551C235BE2B7209 /* libPods-ConstellationMaster_iOSTests.a */ = {isa = PBXFileReference; explicitFileType = archive.ar; includeInIndex = 0; path = "libPods-ConstellationMaster_iOSTests.a"; sourceTree = BUILT_PRODUCTS_DIR; };
		51152A8C2021A638001FE392 /* CMAPIConfig.h */ = {isa = PBXFileReference; lastKnownFileType = sourcecode.c.h; path = CMAPIConfig.h; sourceTree = "<group>"; };
		51152A8F2021AC22001FE392 /* CMHttpTool.h */ = {isa = PBXFileReference; lastKnownFileType = sourcecode.c.h; path = CMHttpTool.h; sourceTree = "<group>"; };
		51152A902021AC22001FE392 /* CMHttpTool.m */ = {isa = PBXFileReference; lastKnownFileType = sourcecode.c.objc; path = CMHttpTool.m; sourceTree = "<group>"; };
		51152A932021B5EE001FE392 /* CMBaseHandler.h */ = {isa = PBXFileReference; lastKnownFileType = sourcecode.c.h; path = CMBaseHandler.h; sourceTree = "<group>"; };
		51152A942021B5EE001FE392 /* CMBaseHandler.m */ = {isa = PBXFileReference; lastKnownFileType = sourcecode.c.objc; path = CMBaseHandler.m; sourceTree = "<group>"; };
		51152A962021B643001FE392 /* CMHomeHandler.h */ = {isa = PBXFileReference; lastKnownFileType = sourcecode.c.h; path = CMHomeHandler.h; sourceTree = "<group>"; };
		51152A972021B643001FE392 /* CMHomeHandler.m */ = {isa = PBXFileReference; lastKnownFileType = sourcecode.c.objc; path = CMHomeHandler.m; sourceTree = "<group>"; };
		51152A992021BE5D001FE392 /* CMFriRemindView.h */ = {isa = PBXFileReference; lastKnownFileType = sourcecode.c.h; path = CMFriRemindView.h; sourceTree = "<group>"; };
		51152A9A2021BE5D001FE392 /* CMFriRemindView.m */ = {isa = PBXFileReference; lastKnownFileType = sourcecode.c.objc; path = CMFriRemindView.m; sourceTree = "<group>"; };
		5160F88120200B3A00AA06DC /* ConstellationMaster_iOS.app */ = {isa = PBXFileReference; explicitFileType = wrapper.application; includeInIndex = 0; path = ConstellationMaster_iOS.app; sourceTree = BUILT_PRODUCTS_DIR; };
		5160F88B20200B3A00AA06DC /* Base */ = {isa = PBXFileReference; lastKnownFileType = file.storyboard; name = Base; path = Base.lproj/Main.storyboard; sourceTree = "<group>"; };
		5160F88D20200B3A00AA06DC /* Assets.xcassets */ = {isa = PBXFileReference; lastKnownFileType = folder.assetcatalog; path = Assets.xcassets; sourceTree = "<group>"; };
		5160F89020200B3A00AA06DC /* Base */ = {isa = PBXFileReference; lastKnownFileType = file.storyboard; name = Base; path = Base.lproj/LaunchScreen.storyboard; sourceTree = "<group>"; };
		5160F89220200B3A00AA06DC /* Info.plist */ = {isa = PBXFileReference; lastKnownFileType = text.plist.xml; path = Info.plist; sourceTree = "<group>"; };
		5160F89920200B3A00AA06DC /* ConstellationMaster_iOSTests.xctest */ = {isa = PBXFileReference; explicitFileType = wrapper.cfbundle; includeInIndex = 0; path = ConstellationMaster_iOSTests.xctest; sourceTree = BUILT_PRODUCTS_DIR; };
		5160F89D20200B3A00AA06DC /* ConstellationMaster_iOSTests.m */ = {isa = PBXFileReference; lastKnownFileType = sourcecode.c.objc; path = ConstellationMaster_iOSTests.m; sourceTree = "<group>"; };
		5160F89F20200B3A00AA06DC /* Info.plist */ = {isa = PBXFileReference; lastKnownFileType = text.plist.xml; path = Info.plist; sourceTree = "<group>"; };
		5160F8B120200C0200AA06DC /* AppDelegate.h */ = {isa = PBXFileReference; fileEncoding = 4; lastKnownFileType = sourcecode.c.h; path = AppDelegate.h; sourceTree = "<group>"; };
		5160F8B220200C0200AA06DC /* main.m */ = {isa = PBXFileReference; fileEncoding = 4; lastKnownFileType = sourcecode.c.objc; path = main.m; sourceTree = "<group>"; };
		5160F8B320200C0200AA06DC /* AppDelegate.m */ = {isa = PBXFileReference; fileEncoding = 4; lastKnownFileType = sourcecode.c.objc; path = AppDelegate.m; sourceTree = "<group>"; };
		5160F8B8202011A900AA06DC /* Macros.h */ = {isa = PBXFileReference; lastKnownFileType = sourcecode.c.h; path = Macros.h; sourceTree = "<group>"; };
		5160F8B92020123200AA06DC /* CMBaseNavController.h */ = {isa = PBXFileReference; lastKnownFileType = sourcecode.c.h; path = CMBaseNavController.h; sourceTree = "<group>"; };
		5160F8BA2020123200AA06DC /* CMBaseNavController.m */ = {isa = PBXFileReference; lastKnownFileType = sourcecode.c.objc; path = CMBaseNavController.m; sourceTree = "<group>"; };
		5160F8BC2020128400AA06DC /* PrefixHeader.pch */ = {isa = PBXFileReference; lastKnownFileType = sourcecode.c.h; path = PrefixHeader.pch; sourceTree = "<group>"; };
		5160F8BD2020245400AA06DC /* CMBaseViewController.h */ = {isa = PBXFileReference; lastKnownFileType = sourcecode.c.h; path = CMBaseViewController.h; sourceTree = "<group>"; };
		5160F8BE2020245400AA06DC /* CMBaseViewController.m */ = {isa = PBXFileReference; lastKnownFileType = sourcecode.c.objc; path = CMBaseViewController.m; sourceTree = "<group>"; };
		5160F8C0202024B500AA06DC /* CMTabBarViewController.h */ = {isa = PBXFileReference; lastKnownFileType = sourcecode.c.h; path = CMTabBarViewController.h; sourceTree = "<group>"; };
		5160F8C1202024B500AA06DC /* CMTabBarViewController.m */ = {isa = PBXFileReference; lastKnownFileType = sourcecode.c.objc; path = CMTabBarViewController.m; sourceTree = "<group>"; };
		5160F8F92020540100AA06DC /* CMProViewController.m */ = {isa = PBXFileReference; fileEncoding = 4; lastKnownFileType = sourcecode.c.objc; path = CMProViewController.m; sourceTree = "<group>"; };
		5160F8FA2020540100AA06DC /* CMProViewController.h */ = {isa = PBXFileReference; fileEncoding = 4; lastKnownFileType = sourcecode.c.h; path = CMProViewController.h; sourceTree = "<group>"; };
		5160F9012020540A00AA06DC /* CMFriViewController.h */ = {isa = PBXFileReference; fileEncoding = 4; lastKnownFileType = sourcecode.c.h; path = CMFriViewController.h; sourceTree = "<group>"; };
		5160F9022020540A00AA06DC /* CMFriViewController.m */ = {isa = PBXFileReference; fileEncoding = 4; lastKnownFileType = sourcecode.c.objc; path = CMFriViewController.m; sourceTree = "<group>"; };
		5160F9062020541300AA06DC /* CMDivViewController.m */ = {isa = PBXFileReference; fileEncoding = 4; lastKnownFileType = sourcecode.c.objc; path = CMDivViewController.m; sourceTree = "<group>"; };
		5160F9072020541300AA06DC /* CMDivViewController.h */ = {isa = PBXFileReference; fileEncoding = 4; lastKnownFileType = sourcecode.c.h; path = CMDivViewController.h; sourceTree = "<group>"; };
		5160F90C2020541F00AA06DC /* CMHomeViewController.m */ = {isa = PBXFileReference; fileEncoding = 4; lastKnownFileType = sourcecode.c.objc; path = CMHomeViewController.m; sourceTree = "<group>"; };
		5160F90D2020541F00AA06DC /* CMHomeViewController.h */ = {isa = PBXFileReference; fileEncoding = 4; lastKnownFileType = sourcecode.c.h; path = CMHomeViewController.h; sourceTree = "<group>"; };
		5160F913202054FA00AA06DC /* CMHomeTableViewCell.h */ = {isa = PBXFileReference; lastKnownFileType = sourcecode.c.h; path = CMHomeTableViewCell.h; sourceTree = "<group>"; };
		5160F914202054FA00AA06DC /* CMHomeTableViewCell.m */ = {isa = PBXFileReference; lastKnownFileType = sourcecode.c.objc; path = CMHomeTableViewCell.m; sourceTree = "<group>"; };
		56AAC62C5E2BBBB19FD29F29 /* Pods-ConstellationMaster_iOSTests.debug.xcconfig */ = {isa = PBXFileReference; includeInIndex = 1; lastKnownFileType = text.xcconfig; name = "Pods-ConstellationMaster_iOSTests.debug.xcconfig"; path = "Pods/Target Support Files/Pods-ConstellationMaster_iOSTests/Pods-ConstellationMaster_iOSTests.debug.xcconfig"; sourceTree = "<group>"; };
		65E077B85067FB7C3C126F3A /* Pods-ConstellationMaster_iOSTests.release.xcconfig */ = {isa = PBXFileReference; includeInIndex = 1; lastKnownFileType = text.xcconfig; name = "Pods-ConstellationMaster_iOSTests.release.xcconfig"; path = "Pods/Target Support Files/Pods-ConstellationMaster_iOSTests/Pods-ConstellationMaster_iOSTests.release.xcconfig"; sourceTree = "<group>"; };
		7B53AE8864C61F68254D8202 /* libPods-ConstellationMaster_iOS.a */ = {isa = PBXFileReference; explicitFileType = archive.ar; includeInIndex = 0; path = "libPods-ConstellationMaster_iOS.a"; sourceTree = BUILT_PRODUCTS_DIR; };
		916A27721E04EB1DB538CABD /* Pods-ConstellationMaster_iOS.debug.xcconfig */ = {isa = PBXFileReference; includeInIndex = 1; lastKnownFileType = text.xcconfig; name = "Pods-ConstellationMaster_iOS.debug.xcconfig"; path = "Pods/Target Support Files/Pods-ConstellationMaster_iOS/Pods-ConstellationMaster_iOS.debug.xcconfig"; sourceTree = "<group>"; };
/* End PBXFileReference section */

/* Begin PBXFrameworksBuildPhase section */
		5160F87E20200B3A00AA06DC /* Frameworks */ = {
			isa = PBXFrameworksBuildPhase;
			buildActionMask = 2147483647;
			files = (
				3DE4408436D1212A99640EDC /* libPods-ConstellationMaster_iOS.a in Frameworks */,
			);
			runOnlyForDeploymentPostprocessing = 0;
		};
		5160F89620200B3A00AA06DC /* Frameworks */ = {
			isa = PBXFrameworksBuildPhase;
			buildActionMask = 2147483647;
			files = (
				F6077355B3AE09246A84BE46 /* libPods-ConstellationMaster_iOSTests.a in Frameworks */,
			);
			runOnlyForDeploymentPostprocessing = 0;
		};
/* End PBXFrameworksBuildPhase section */

/* Begin PBXGroup section */
		51152A8A2021A505001FE392 /* NetWorking */ = {
			isa = PBXGroup;
			children = (
				51152A8C2021A638001FE392 /* CMAPIConfig.h */,
				51152A8F2021AC22001FE392 /* CMHttpTool.h */,
				51152A902021AC22001FE392 /* CMHttpTool.m */,
			);
			path = NetWorking;
			sourceTree = "<group>";
		};
		51152A922021B5AB001FE392 /* Handler */ = {
			isa = PBXGroup;
			children = (
				51152A962021B643001FE392 /* CMHomeHandler.h */,
				51152A972021B643001FE392 /* CMHomeHandler.m */,
			);
			path = Handler;
			sourceTree = "<group>";
		};
		5160F87820200B3A00AA06DC = {
			isa = PBXGroup;
			children = (
				5160F88320200B3A00AA06DC /* ConstellationMaster_iOS */,
				5160F89C20200B3A00AA06DC /* ConstellationMaster_iOSTests */,
				5160F88220200B3A00AA06DC /* Products */,
				AF1B1DA51CBBB5823BF902AA /* Pods */,
				A5382313276966783C40933C /* Frameworks */,
			);
			sourceTree = "<group>";
		};
		5160F88220200B3A00AA06DC /* Products */ = {
			isa = PBXGroup;
			children = (
				5160F88120200B3A00AA06DC /* ConstellationMaster_iOS.app */,
				5160F89920200B3A00AA06DC /* ConstellationMaster_iOSTests.xctest */,
			);
			name = Products;
			sourceTree = "<group>";
		};
		5160F88320200B3A00AA06DC /* ConstellationMaster_iOS */ = {
			isa = PBXGroup;
			children = (
				5160F8A820200C0200AA06DC /* Classes */,
				5160F88A20200B3A00AA06DC /* Main.storyboard */,
				5160F88D20200B3A00AA06DC /* Assets.xcassets */,
				5160F88F20200B3A00AA06DC /* LaunchScreen.storyboard */,
				5160F89220200B3A00AA06DC /* Info.plist */,
			);
			path = ConstellationMaster_iOS;
			sourceTree = "<group>";
		};
		5160F89C20200B3A00AA06DC /* ConstellationMaster_iOSTests */ = {
			isa = PBXGroup;
			children = (
				5160F89D20200B3A00AA06DC /* ConstellationMaster_iOSTests.m */,
				5160F89F20200B3A00AA06DC /* Info.plist */,
			);
			path = ConstellationMaster_iOSTests;
			sourceTree = "<group>";
		};
		5160F8A820200C0200AA06DC /* Classes */ = {
			isa = PBXGroup;
			children = (
				51152A8A2021A505001FE392 /* NetWorking */,
				51152A922021B5AB001FE392 /* Handler */,
				5160F8B420200C0200AA06DC /* Base */,
				5160F8AA20200C0200AA06DC /* Home首页 */,
				5160F8AE20200C0200AA06DC /* Divination占卜 */,
				5160F8AF20200C0200AA06DC /* Friends好友 */,
				5160F8AD20200C0200AA06DC /* Profile个人 */,
				5160F8B020200C0200AA06DC /* Main */,
				5160F8A920200C0200AA06DC /* Libs */,
			);
			path = Classes;
			sourceTree = "<group>";
		};
		5160F8A920200C0200AA06DC /* Libs */ = {
			isa = PBXGroup;
			children = (
			);
			path = Libs;
			sourceTree = "<group>";
		};
		5160F8AA20200C0200AA06DC /* Home首页 */ = {
			isa = PBXGroup;
			children = (
				5160F90B2020541F00AA06DC /* Controller */,
				5160F90A2020541F00AA06DC /* Model */,
				5160F90E2020541F00AA06DC /* View */,
			);
			path = "Home首页";
			sourceTree = "<group>";
		};
		5160F8AD20200C0200AA06DC /* Profile个人 */ = {
			isa = PBXGroup;
			children = (
				5160F8F82020540100AA06DC /* Controller */,
				5160F8FB2020540100AA06DC /* Model */,
				5160F8FC2020540100AA06DC /* View */,
			);
			path = "Profile个人";
			sourceTree = "<group>";
		};
		5160F8AE20200C0200AA06DC /* Divination占卜 */ = {
			isa = PBXGroup;
			children = (
				5160F9052020541300AA06DC /* Controller */,
				5160F9082020541300AA06DC /* Model */,
				5160F9042020541300AA06DC /* View */,
			);
			path = "Divination占卜";
			sourceTree = "<group>";
		};
		5160F8AF20200C0200AA06DC /* Friends好友 */ = {
			isa = PBXGroup;
			children = (
				5160F9002020540A00AA06DC /* Controller */,
				5160F8FE2020540A00AA06DC /* Model */,
				5160F8FF2020540A00AA06DC /* View */,
			);
			path = "Friends好友";
			sourceTree = "<group>";
		};
		5160F8B020200C0200AA06DC /* Main */ = {
			isa = PBXGroup;
			children = (
				5160F8B120200C0200AA06DC /* AppDelegate.h */,
				5160F8B320200C0200AA06DC /* AppDelegate.m */,
				5160F8B220200C0200AA06DC /* main.m */,
				5160F8B8202011A900AA06DC /* Macros.h */,
				5160F8BC2020128400AA06DC /* PrefixHeader.pch */,
			);
			path = Main;
			sourceTree = "<group>";
		};
		5160F8B420200C0200AA06DC /* Base */ = {
			isa = PBXGroup;
			children = (
				5160F8B92020123200AA06DC /* CMBaseNavController.h */,
				5160F8BA2020123200AA06DC /* CMBaseNavController.m */,
				5160F8BD2020245400AA06DC /* CMBaseViewController.h */,
				5160F8BE2020245400AA06DC /* CMBaseViewController.m */,
				5160F8C0202024B500AA06DC /* CMTabBarViewController.h */,
				5160F8C1202024B500AA06DC /* CMTabBarViewController.m */,
				51152A932021B5EE001FE392 /* CMBaseHandler.h */,
				51152A942021B5EE001FE392 /* CMBaseHandler.m */,
			);
			path = Base;
			sourceTree = "<group>";
		};
		5160F8F82020540100AA06DC /* Controller */ = {
			isa = PBXGroup;
			children = (
				5160F8F92020540100AA06DC /* CMProViewController.m */,
				5160F8FA2020540100AA06DC /* CMProViewController.h */,
			);
			path = Controller;
			sourceTree = "<group>";
		};
		5160F8FB2020540100AA06DC /* Model */ = {
			isa = PBXGroup;
			children = (
			);
			path = Model;
			sourceTree = "<group>";
		};
		5160F8FC2020540100AA06DC /* View */ = {
			isa = PBXGroup;
			children = (
			);
			path = View;
			sourceTree = "<group>";
		};
		5160F8FE2020540A00AA06DC /* Model */ = {
			isa = PBXGroup;
			children = (
			);
			path = Model;
			sourceTree = "<group>";
		};
		5160F8FF2020540A00AA06DC /* View */ = {
			isa = PBXGroup;
			children = (
				51152A992021BE5D001FE392 /* CMFriRemindView.h */,
				51152A9A2021BE5D001FE392 /* CMFriRemindView.m */,
			);
			path = View;
			sourceTree = "<group>";
		};
		5160F9002020540A00AA06DC /* Controller */ = {
			isa = PBXGroup;
			children = (
				5160F9012020540A00AA06DC /* CMFriViewController.h */,
				5160F9022020540A00AA06DC /* CMFriViewController.m */,
			);
			path = Controller;
			sourceTree = "<group>";
		};
		5160F9042020541300AA06DC /* View */ = {
			isa = PBXGroup;
			children = (
			);
			path = View;
			sourceTree = "<group>";
		};
		5160F9052020541300AA06DC /* Controller */ = {
			isa = PBXGroup;
			children = (
				5160F9072020541300AA06DC /* CMDivViewController.h */,
				5160F9062020541300AA06DC /* CMDivViewController.m */,
			);
			path = Controller;
			sourceTree = "<group>";
		};
		5160F9082020541300AA06DC /* Model */ = {
			isa = PBXGroup;
			children = (
			);
			path = Model;
			sourceTree = "<group>";
		};
		5160F90A2020541F00AA06DC /* Model */ = {
			isa = PBXGroup;
			children = (
			);
			path = Model;
			sourceTree = "<group>";
		};
		5160F90B2020541F00AA06DC /* Controller */ = {
			isa = PBXGroup;
			children = (
				5160F90D2020541F00AA06DC /* CMHomeViewController.h */,
				5160F90C2020541F00AA06DC /* CMHomeViewController.m */,
				5160F913202054FA00AA06DC /* CMHomeTableViewCell.h */,
				5160F914202054FA00AA06DC /* CMHomeTableViewCell.m */,
			);
			path = Controller;
			sourceTree = "<group>";
		};
		5160F90E2020541F00AA06DC /* View */ = {
			isa = PBXGroup;
			children = (
			);
			path = View;
			sourceTree = "<group>";
		};
		A5382313276966783C40933C /* Frameworks */ = {
			isa = PBXGroup;
			children = (
				7B53AE8864C61F68254D8202 /* libPods-ConstellationMaster_iOS.a */,
				110DE70B3551C235BE2B7209 /* libPods-ConstellationMaster_iOSTests.a */,
			);
			name = Frameworks;
			sourceTree = "<group>";
		};
		AF1B1DA51CBBB5823BF902AA /* Pods */ = {
			isa = PBXGroup;
			children = (
				916A27721E04EB1DB538CABD /* Pods-ConstellationMaster_iOS.debug.xcconfig */,
				0E113708483C8D051E49C27B /* Pods-ConstellationMaster_iOS.release.xcconfig */,
				56AAC62C5E2BBBB19FD29F29 /* Pods-ConstellationMaster_iOSTests.debug.xcconfig */,
				65E077B85067FB7C3C126F3A /* Pods-ConstellationMaster_iOSTests.release.xcconfig */,
			);
			name = Pods;
			sourceTree = "<group>";
		};
/* End PBXGroup section */

/* Begin PBXNativeTarget section */
		5160F88020200B3A00AA06DC /* ConstellationMaster_iOS */ = {
			isa = PBXNativeTarget;
			buildConfigurationList = 5160F8A220200B3A00AA06DC /* Build configuration list for PBXNativeTarget "ConstellationMaster_iOS" */;
			buildPhases = (
				91F3C64B81679AB4C6FF96C9 /* [CP] Check Pods Manifest.lock */,
				5160F87D20200B3A00AA06DC /* Sources */,
				5160F87E20200B3A00AA06DC /* Frameworks */,
				5160F87F20200B3A00AA06DC /* Resources */,
				35E75F472152E3F8C2687E4A /* [CP] Embed Pods Frameworks */,
				781109950FAD56F1E815F5F3 /* [CP] Copy Pods Resources */,
			);
			buildRules = (
			);
			dependencies = (
			);
			name = ConstellationMaster_iOS;
			productName = ConstellationMaster_iOS;
			productReference = 5160F88120200B3A00AA06DC /* ConstellationMaster_iOS.app */;
			productType = "com.apple.product-type.application";
		};
		5160F89820200B3A00AA06DC /* ConstellationMaster_iOSTests */ = {
			isa = PBXNativeTarget;
			buildConfigurationList = 5160F8A520200B3A00AA06DC /* Build configuration list for PBXNativeTarget "ConstellationMaster_iOSTests" */;
			buildPhases = (
				3872C2A345B0B06296B40EFB /* [CP] Check Pods Manifest.lock */,
				5160F89520200B3A00AA06DC /* Sources */,
				5160F89620200B3A00AA06DC /* Frameworks */,
				5160F89720200B3A00AA06DC /* Resources */,
				92D4788FCD079E13D045C82F /* [CP] Embed Pods Frameworks */,
				41C73BC778A0125A538DE302 /* [CP] Copy Pods Resources */,
			);
			buildRules = (
			);
			dependencies = (
				5160F89B20200B3A00AA06DC /* PBXTargetDependency */,
			);
			name = ConstellationMaster_iOSTests;
			productName = ConstellationMaster_iOSTests;
			productReference = 5160F89920200B3A00AA06DC /* ConstellationMaster_iOSTests.xctest */;
			productType = "com.apple.product-type.bundle.unit-test";
		};
/* End PBXNativeTarget section */

/* Begin PBXProject section */
		5160F87920200B3A00AA06DC /* Project object */ = {
			isa = PBXProject;
			attributes = {
				CLASSPREFIX = CM;
				LastUpgradeCheck = 0910;
				ORGANIZATIONNAME = "瞿嘉洪";
				TargetAttributes = {
					5160F88020200B3A00AA06DC = {
						CreatedOnToolsVersion = 9.1;
						ProvisioningStyle = Automatic;
					};
					5160F89820200B3A00AA06DC = {
						CreatedOnToolsVersion = 9.1;
						ProvisioningStyle = Automatic;
						TestTargetID = 5160F88020200B3A00AA06DC;
					};
				};
			};
			buildConfigurationList = 5160F87C20200B3A00AA06DC /* Build configuration list for PBXProject "ConstellationMaster_iOS" */;
			compatibilityVersion = "Xcode 8.0";
			developmentRegion = en;
			hasScannedForEncodings = 0;
			knownRegions = (
				en,
				Base,
			);
			mainGroup = 5160F87820200B3A00AA06DC;
			productRefGroup = 5160F88220200B3A00AA06DC /* Products */;
			projectDirPath = "";
			projectRoot = "";
			targets = (
				5160F88020200B3A00AA06DC /* ConstellationMaster_iOS */,
				5160F89820200B3A00AA06DC /* ConstellationMaster_iOSTests */,
			);
		};
/* End PBXProject section */

/* Begin PBXResourcesBuildPhase section */
		5160F87F20200B3A00AA06DC /* Resources */ = {
			isa = PBXResourcesBuildPhase;
			buildActionMask = 2147483647;
			files = (
				5160F89120200B3A00AA06DC /* LaunchScreen.storyboard in Resources */,
				5160F88E20200B3A00AA06DC /* Assets.xcassets in Resources */,
				5160F88C20200B3A00AA06DC /* Main.storyboard in Resources */,
			);
			runOnlyForDeploymentPostprocessing = 0;
		};
		5160F89720200B3A00AA06DC /* Resources */ = {
			isa = PBXResourcesBuildPhase;
			buildActionMask = 2147483647;
			files = (
			);
			runOnlyForDeploymentPostprocessing = 0;
		};
/* End PBXResourcesBuildPhase section */

/* Begin PBXShellScriptBuildPhase section */
		35E75F472152E3F8C2687E4A /* [CP] Embed Pods Frameworks */ = {
			isa = PBXShellScriptBuildPhase;
			buildActionMask = 2147483647;
			files = (
			);
			inputPaths = (
			);
			name = "[CP] Embed Pods Frameworks";
			outputPaths = (
			);
			runOnlyForDeploymentPostprocessing = 0;
			shellPath = /bin/sh;
			shellScript = "\"${SRCROOT}/Pods/Target Support Files/Pods-ConstellationMaster_iOS/Pods-ConstellationMaster_iOS-frameworks.sh\"\n";
			showEnvVarsInLog = 0;
		};
		3872C2A345B0B06296B40EFB /* [CP] Check Pods Manifest.lock */ = {
			isa = PBXShellScriptBuildPhase;
			buildActionMask = 2147483647;
			files = (
			);
			inputPaths = (
				"${PODS_PODFILE_DIR_PATH}/Podfile.lock",
				"${PODS_ROOT}/Manifest.lock",
			);
			name = "[CP] Check Pods Manifest.lock";
			outputPaths = (
				"$(DERIVED_FILE_DIR)/Pods-ConstellationMaster_iOSTests-checkManifestLockResult.txt",
			);
			runOnlyForDeploymentPostprocessing = 0;
			shellPath = /bin/sh;
			shellScript = "diff \"${PODS_PODFILE_DIR_PATH}/Podfile.lock\" \"${PODS_ROOT}/Manifest.lock\" > /dev/null\nif [ $? != 0 ] ; then\n    # print error to STDERR\n    echo \"error: The sandbox is not in sync with the Podfile.lock. Run 'pod install' or update your CocoaPods installation.\" >&2\n    exit 1\nfi\n# This output is used by Xcode 'outputs' to avoid re-running this script phase.\necho \"SUCCESS\" > \"${SCRIPT_OUTPUT_FILE_0}\"\n";
			showEnvVarsInLog = 0;
		};
		41C73BC778A0125A538DE302 /* [CP] Copy Pods Resources */ = {
			isa = PBXShellScriptBuildPhase;
			buildActionMask = 2147483647;
			files = (
			);
			inputPaths = (
			);
			name = "[CP] Copy Pods Resources";
			outputPaths = (
			);
			runOnlyForDeploymentPostprocessing = 0;
			shellPath = /bin/sh;
			shellScript = "\"${SRCROOT}/Pods/Target Support Files/Pods-ConstellationMaster_iOSTests/Pods-ConstellationMaster_iOSTests-resources.sh\"\n";
			showEnvVarsInLog = 0;
		};
		781109950FAD56F1E815F5F3 /* [CP] Copy Pods Resources */ = {
			isa = PBXShellScriptBuildPhase;
			buildActionMask = 2147483647;
			files = (
			);
			inputPaths = (
			);
			name = "[CP] Copy Pods Resources";
			outputPaths = (
			);
			runOnlyForDeploymentPostprocessing = 0;
			shellPath = /bin/sh;
			shellScript = "\"${SRCROOT}/Pods/Target Support Files/Pods-ConstellationMaster_iOS/Pods-ConstellationMaster_iOS-resources.sh\"\n";
			showEnvVarsInLog = 0;
		};
		91F3C64B81679AB4C6FF96C9 /* [CP] Check Pods Manifest.lock */ = {
			isa = PBXShellScriptBuildPhase;
			buildActionMask = 2147483647;
			files = (
			);
			inputPaths = (
				"${PODS_PODFILE_DIR_PATH}/Podfile.lock",
				"${PODS_ROOT}/Manifest.lock",
			);
			name = "[CP] Check Pods Manifest.lock";
			outputPaths = (
				"$(DERIVED_FILE_DIR)/Pods-ConstellationMaster_iOS-checkManifestLockResult.txt",
			);
			runOnlyForDeploymentPostprocessing = 0;
			shellPath = /bin/sh;
			shellScript = "diff \"${PODS_PODFILE_DIR_PATH}/Podfile.lock\" \"${PODS_ROOT}/Manifest.lock\" > /dev/null\nif [ $? != 0 ] ; then\n    # print error to STDERR\n    echo \"error: The sandbox is not in sync with the Podfile.lock. Run 'pod install' or update your CocoaPods installation.\" >&2\n    exit 1\nfi\n# This output is used by Xcode 'outputs' to avoid re-running this script phase.\necho \"SUCCESS\" > \"${SCRIPT_OUTPUT_FILE_0}\"\n";
			showEnvVarsInLog = 0;
		};
		92D4788FCD079E13D045C82F /* [CP] Embed Pods Frameworks */ = {
			isa = PBXShellScriptBuildPhase;
			buildActionMask = 2147483647;
			files = (
			);
			inputPaths = (
			);
			name = "[CP] Embed Pods Frameworks";
			outputPaths = (
			);
			runOnlyForDeploymentPostprocessing = 0;
			shellPath = /bin/sh;
			shellScript = "\"${SRCROOT}/Pods/Target Support Files/Pods-ConstellationMaster_iOSTests/Pods-ConstellationMaster_iOSTests-frameworks.sh\"\n";
			showEnvVarsInLog = 0;
		};
/* End PBXShellScriptBuildPhase section */

/* Begin PBXSourcesBuildPhase section */
		5160F87D20200B3A00AA06DC /* Sources */ = {
			isa = PBXSourcesBuildPhase;
			buildActionMask = 2147483647;
			files = (
				5160F8C2202024B500AA06DC /* CMTabBarViewController.m in Sources */,
				5160F8BB2020123200AA06DC /* CMBaseNavController.m in Sources */,
				5160F9092020541300AA06DC /* CMDivViewController.m in Sources */,
				5160F8BF2020245400AA06DC /* CMBaseViewController.m in Sources */,
				5160F915202054FA00AA06DC /* CMHomeTableViewCell.m in Sources */,
				51152A912021AC22001FE392 /* CMHttpTool.m in Sources */,
				5160F8B620200C0200AA06DC /* main.m in Sources */,
				51152A982021B643001FE392 /* CMHomeHandler.m in Sources */,
				5160F9032020540A00AA06DC /* CMFriViewController.m in Sources */,
				5160F90F2020541F00AA06DC /* CMHomeViewController.m in Sources */,
				5160F8FD2020540100AA06DC /* CMProViewController.m in Sources */,
				5160F8B720200C0200AA06DC /* AppDelegate.m in Sources */,
				51152A952021B5EE001FE392 /* CMBaseHandler.m in Sources */,
				51152A9B2021BE5D001FE392 /* CMFriRemindView.m in Sources */,
			);
			runOnlyForDeploymentPostprocessing = 0;
		};
		5160F89520200B3A00AA06DC /* Sources */ = {
			isa = PBXSourcesBuildPhase;
			buildActionMask = 2147483647;
			files = (
				5160F89E20200B3A00AA06DC /* ConstellationMaster_iOSTests.m in Sources */,
			);
			runOnlyForDeploymentPostprocessing = 0;
		};
/* End PBXSourcesBuildPhase section */

/* Begin PBXTargetDependency section */
		5160F89B20200B3A00AA06DC /* PBXTargetDependency */ = {
			isa = PBXTargetDependency;
			target = 5160F88020200B3A00AA06DC /* ConstellationMaster_iOS */;
			targetProxy = 5160F89A20200B3A00AA06DC /* PBXContainerItemProxy */;
		};
/* End PBXTargetDependency section */

/* Begin PBXVariantGroup section */
		5160F88A20200B3A00AA06DC /* Main.storyboard */ = {
			isa = PBXVariantGroup;
			children = (
				5160F88B20200B3A00AA06DC /* Base */,
			);
			name = Main.storyboard;
			sourceTree = "<group>";
		};
		5160F88F20200B3A00AA06DC /* LaunchScreen.storyboard */ = {
			isa = PBXVariantGroup;
			children = (
				5160F89020200B3A00AA06DC /* Base */,
			);
			name = LaunchScreen.storyboard;
			sourceTree = "<group>";
		};
/* End PBXVariantGroup section */

/* Begin XCBuildConfiguration section */
		5160F8A020200B3A00AA06DC /* Debug */ = {
			isa = XCBuildConfiguration;
			buildSettings = {
				ALWAYS_SEARCH_USER_PATHS = NO;
				CLANG_ANALYZER_NONNULL = YES;
				CLANG_ANALYZER_NUMBER_OBJECT_CONVERSION = YES_AGGRESSIVE;
				CLANG_CXX_LANGUAGE_STANDARD = "gnu++14";
				CLANG_CXX_LIBRARY = "libc++";
				CLANG_ENABLE_MODULES = YES;
				CLANG_ENABLE_OBJC_ARC = YES;
				CLANG_WARN_BLOCK_CAPTURE_AUTORELEASING = YES;
				CLANG_WARN_BOOL_CONVERSION = YES;
				CLANG_WARN_COMMA = YES;
				CLANG_WARN_CONSTANT_CONVERSION = YES;
				CLANG_WARN_DIRECT_OBJC_ISA_USAGE = YES_ERROR;
				CLANG_WARN_DOCUMENTATION_COMMENTS = YES;
				CLANG_WARN_EMPTY_BODY = YES;
				CLANG_WARN_ENUM_CONVERSION = YES;
				CLANG_WARN_INFINITE_RECURSION = YES;
				CLANG_WARN_INT_CONVERSION = YES;
				CLANG_WARN_NON_LITERAL_NULL_CONVERSION = YES;
				CLANG_WARN_OBJC_LITERAL_CONVERSION = YES;
				CLANG_WARN_OBJC_ROOT_CLASS = YES_ERROR;
				CLANG_WARN_RANGE_LOOP_ANALYSIS = YES;
				CLANG_WARN_STRICT_PROTOTYPES = YES;
				CLANG_WARN_SUSPICIOUS_MOVE = YES;
				CLANG_WARN_UNGUARDED_AVAILABILITY = YES_AGGRESSIVE;
				CLANG_WARN_UNREACHABLE_CODE = YES;
				CLANG_WARN__DUPLICATE_METHOD_MATCH = YES;
				CODE_SIGN_IDENTITY = "iPhone Developer";
				COPY_PHASE_STRIP = NO;
				DEBUG_INFORMATION_FORMAT = dwarf;
				ENABLE_STRICT_OBJC_MSGSEND = YES;
				ENABLE_TESTABILITY = YES;
				GCC_C_LANGUAGE_STANDARD = gnu11;
				GCC_DYNAMIC_NO_PIC = NO;
				GCC_NO_COMMON_BLOCKS = YES;
				GCC_OPTIMIZATION_LEVEL = 0;
				GCC_PREPROCESSOR_DEFINITIONS = (
					"DEBUG=1",
					"$(inherited)",
				);
				GCC_WARN_64_TO_32_BIT_CONVERSION = YES;
				GCC_WARN_ABOUT_RETURN_TYPE = YES_ERROR;
				GCC_WARN_UNDECLARED_SELECTOR = YES;
				GCC_WARN_UNINITIALIZED_AUTOS = YES_AGGRESSIVE;
				GCC_WARN_UNUSED_FUNCTION = YES;
				GCC_WARN_UNUSED_VARIABLE = YES;
				IPHONEOS_DEPLOYMENT_TARGET = 11.1;
				MTL_ENABLE_DEBUG_INFO = YES;
				ONLY_ACTIVE_ARCH = YES;
				SDKROOT = iphoneos;
			};
			name = Debug;
		};
		5160F8A120200B3A00AA06DC /* Release */ = {
			isa = XCBuildConfiguration;
			buildSettings = {
				ALWAYS_SEARCH_USER_PATHS = NO;
				CLANG_ANALYZER_NONNULL = YES;
				CLANG_ANALYZER_NUMBER_OBJECT_CONVERSION = YES_AGGRESSIVE;
				CLANG_CXX_LANGUAGE_STANDARD = "gnu++14";
				CLANG_CXX_LIBRARY = "libc++";
				CLANG_ENABLE_MODULES = YES;
				CLANG_ENABLE_OBJC_ARC = YES;
				CLANG_WARN_BLOCK_CAPTURE_AUTORELEASING = YES;
				CLANG_WARN_BOOL_CONVERSION = YES;
				CLANG_WARN_COMMA = YES;
				CLANG_WARN_CONSTANT_CONVERSION = YES;
				CLANG_WARN_DIRECT_OBJC_ISA_USAGE = YES_ERROR;
				CLANG_WARN_DOCUMENTATION_COMMENTS = YES;
				CLANG_WARN_EMPTY_BODY = YES;
				CLANG_WARN_ENUM_CONVERSION = YES;
				CLANG_WARN_INFINITE_RECURSION = YES;
				CLANG_WARN_INT_CONVERSION = YES;
				CLANG_WARN_NON_LITERAL_NULL_CONVERSION = YES;
				CLANG_WARN_OBJC_LITERAL_CONVERSION = YES;
				CLANG_WARN_OBJC_ROOT_CLASS = YES_ERROR;
				CLANG_WARN_RANGE_LOOP_ANALYSIS = YES;
				CLANG_WARN_STRICT_PROTOTYPES = YES;
				CLANG_WARN_SUSPICIOUS_MOVE = YES;
				CLANG_WARN_UNGUARDED_AVAILABILITY = YES_AGGRESSIVE;
				CLANG_WARN_UNREACHABLE_CODE = YES;
				CLANG_WARN__DUPLICATE_METHOD_MATCH = YES;
				CODE_SIGN_IDENTITY = "iPhone Developer";
				COPY_PHASE_STRIP = NO;
				DEBUG_INFORMATION_FORMAT = "dwarf-with-dsym";
				ENABLE_NS_ASSERTIONS = NO;
				ENABLE_STRICT_OBJC_MSGSEND = YES;
				GCC_C_LANGUAGE_STANDARD = gnu11;
				GCC_NO_COMMON_BLOCKS = YES;
				GCC_WARN_64_TO_32_BIT_CONVERSION = YES;
				GCC_WARN_ABOUT_RETURN_TYPE = YES_ERROR;
				GCC_WARN_UNDECLARED_SELECTOR = YES;
				GCC_WARN_UNINITIALIZED_AUTOS = YES_AGGRESSIVE;
				GCC_WARN_UNUSED_FUNCTION = YES;
				GCC_WARN_UNUSED_VARIABLE = YES;
				IPHONEOS_DEPLOYMENT_TARGET = 11.1;
				MTL_ENABLE_DEBUG_INFO = NO;
				SDKROOT = iphoneos;
				VALIDATE_PRODUCT = YES;
			};
			name = Release;
		};
		5160F8A320200B3A00AA06DC /* Debug */ = {
			isa = XCBuildConfiguration;
			baseConfigurationReference = 916A27721E04EB1DB538CABD /* Pods-ConstellationMaster_iOS.debug.xcconfig */;
			buildSettings = {
				ASSETCATALOG_COMPILER_APPICON_NAME = AppIcon;
				CODE_SIGN_STYLE = Automatic;
				DEVELOPMENT_TEAM = L9687TNJ7S;
				GCC_PRECOMPILE_PREFIX_HEADER = YES;
				GCC_PREFIX_HEADER = "$(SRCROOT)/ConstellationMaster_iOS/Classes/Main/PrefixHeader.pch";
				INFOPLIST_FILE = ConstellationMaster_iOS/Info.plist;
				LD_RUNPATH_SEARCH_PATHS = "$(inherited) @executable_path/Frameworks";
				PRODUCT_BUNDLE_IDENTIFIER = "Mr.Qu.ConstellationMaster-iOS";
				PRODUCT_NAME = "$(TARGET_NAME)";
				TARGETED_DEVICE_FAMILY = "1,2";
			};
			name = Debug;
		};
		5160F8A420200B3A00AA06DC /* Release */ = {
			isa = XCBuildConfiguration;
			baseConfigurationReference = 0E113708483C8D051E49C27B /* Pods-ConstellationMaster_iOS.release.xcconfig */;
			buildSettings = {
				ASSETCATALOG_COMPILER_APPICON_NAME = AppIcon;
				CODE_SIGN_STYLE = Automatic;
				DEVELOPMENT_TEAM = L9687TNJ7S;
				GCC_PRECOMPILE_PREFIX_HEADER = YES;
				GCC_PREFIX_HEADER = "$(SRCROOT)/ConstellationMaster_iOS/Classes/Main/PrefixHeader.pch";
				INFOPLIST_FILE = ConstellationMaster_iOS/Info.plist;
				LD_RUNPATH_SEARCH_PATHS = "$(inherited) @executable_path/Frameworks";
				PRODUCT_BUNDLE_IDENTIFIER = "Mr.Qu.ConstellationMaster-iOS";
				PRODUCT_NAME = "$(TARGET_NAME)";
				TARGETED_DEVICE_FAMILY = "1,2";
			};
			name = Release;
		};
		5160F8A620200B3A00AA06DC /* Debug */ = {
			isa = XCBuildConfiguration;
			baseConfigurationReference = 56AAC62C5E2BBBB19FD29F29 /* Pods-ConstellationMaster_iOSTests.debug.xcconfig */;
			buildSettings = {
				BUNDLE_LOADER = "$(TEST_HOST)";
				CODE_SIGN_STYLE = Automatic;
				INFOPLIST_FILE = ConstellationMaster_iOSTests/Info.plist;
				LD_RUNPATH_SEARCH_PATHS = "$(inherited) @executable_path/Frameworks @loader_path/Frameworks";
				PRODUCT_BUNDLE_IDENTIFIER = "Mr.Qu.ConstellationMaster-iOSTests";
				PRODUCT_NAME = "$(TARGET_NAME)";
				TARGETED_DEVICE_FAMILY = "1,2";
				TEST_HOST = "$(BUILT_PRODUCTS_DIR)/ConstellationMaster_iOS.app/ConstellationMaster_iOS";
			};
			name = Debug;
		};
		5160F8A720200B3A00AA06DC /* Release */ = {
			isa = XCBuildConfiguration;
			baseConfigurationReference = 65E077B85067FB7C3C126F3A /* Pods-ConstellationMaster_iOSTests.release.xcconfig */;
			buildSettings = {
				BUNDLE_LOADER = "$(TEST_HOST)";
				CODE_SIGN_STYLE = Automatic;
				INFOPLIST_FILE = ConstellationMaster_iOSTests/Info.plist;
				LD_RUNPATH_SEARCH_PATHS = "$(inherited) @executable_path/Frameworks @loader_path/Frameworks";
				PRODUCT_BUNDLE_IDENTIFIER = "Mr.Qu.ConstellationMaster-iOSTests";
				PRODUCT_NAME = "$(TARGET_NAME)";
				TARGETED_DEVICE_FAMILY = "1,2";
				TEST_HOST = "$(BUILT_PRODUCTS_DIR)/ConstellationMaster_iOS.app/ConstellationMaster_iOS";
			};
			name = Release;
		};
/* End XCBuildConfiguration section */

/* Begin XCConfigurationList section */
		5160F87C20200B3A00AA06DC /* Build configuration list for PBXProject "ConstellationMaster_iOS" */ = {
			isa = XCConfigurationList;
			buildConfigurations = (
				5160F8A020200B3A00AA06DC /* Debug */,
				5160F8A120200B3A00AA06DC /* Release */,
			);
			defaultConfigurationIsVisible = 0;
			defaultConfigurationName = Release;
		};
		5160F8A220200B3A00AA06DC /* Build configuration list for PBXNativeTarget "ConstellationMaster_iOS" */ = {
			isa = XCConfigurationList;
			buildConfigurations = (
				5160F8A320200B3A00AA06DC /* Debug */,
				5160F8A420200B3A00AA06DC /* Release */,
			);
			defaultConfigurationIsVisible = 0;
			defaultConfigurationName = Release;
		};
		5160F8A520200B3A00AA06DC /* Build configuration list for PBXNativeTarget "ConstellationMaster_iOSTests" */ = {
			isa = XCConfigurationList;
			buildConfigurations = (
				5160F8A620200B3A00AA06DC /* Debug */,
				5160F8A720200B3A00AA06DC /* Release */,
			);
			defaultConfigurationIsVisible = 0;
			defaultConfigurationName = Release;
		};
/* End XCConfigurationList section */
	};
	rootObject = 5160F87920200B3A00AA06DC /* Project object */;
}
